// !$*UTF8*$!
{
	archiveVersion = 1;
	classes = {
	};
	objectVersion = 50;
	objects = {

/* Begin PBXBuildFile section */
		189028C8262E94B4001891F4 /* CoffeeDBApp.swift in Sources */ = {isa = PBXBuildFile; fileRef = 189028C7262E94B4001891F4 /* CoffeeDBApp.swift */; };
		189028CA262E94B4001891F4 /* ContentView.swift in Sources */ = {isa = PBXBuildFile; fileRef = 189028C9262E94B4001891F4 /* ContentView.swift */; };
		189028CC262E94B5001891F4 /* Assets.xcassets in Resources */ = {isa = PBXBuildFile; fileRef = 189028CB262E94B5001891F4 /* Assets.xcassets */; };
		189028CF262E94B5001891F4 /* Preview Assets.xcassets in Resources */ = {isa = PBXBuildFile; fileRef = 189028CE262E94B5001891F4 /* Preview Assets.xcassets */; };
		189028D8262E9578001891F4 /* drinks.json in Resources */ = {isa = PBXBuildFile; fileRef = 189028D7262E9578001891F4 /* drinks.json */; };
		189028DB262E962C001891F4 /* Data.swift in Sources */ = {isa = PBXBuildFile; fileRef = 189028DA262E962C001891F4 /* Data.swift */; };
		189028DE262E9659001891F4 /* Drink.swift in Sources */ = {isa = PBXBuildFile; fileRef = 189028DD262E9659001891F4 /* Drink.swift */; };
		189028E1262E998B001891F4 /* DrinkItemView.swift in Sources */ = {isa = PBXBuildFile; fileRef = 189028E0262E998B001891F4 /* DrinkItemView.swift */; };
		18A6B4FB263585E100362EE2 /* DrinkDetailView.swift in Sources */ = {isa = PBXBuildFile; fileRef = 18A6B4FA263585E100362EE2 /* DrinkDetailView.swift */; };
		18DAA26F2630DFCD00968E04 /* DrinkRow.swift in Sources */ = {isa = PBXBuildFile; fileRef = 18DAA26E2630DFCD00968E04 /* DrinkRow.swift */; };
/* End PBXBuildFile section */

/* Begin PBXFileReference section */
		189028C4262E94B4001891F4 /* CoffeeDB.app */ = {isa = PBXFileReference; explicitFileType = wrapper.application; includeInIndex = 0; path = CoffeeDB.app; sourceTree = BUILT_PRODUCTS_DIR; };
		189028C7262E94B4001891F4 /* CoffeeDBApp.swift */ = {isa = PBXFileReference; lastKnownFileType = sourcecode.swift; path = CoffeeDBApp.swift; sourceTree = "<group>"; };
		189028C9262E94B4001891F4 /* ContentView.swift */ = {isa = PBXFileReference; lastKnownFileType = sourcecode.swift; path = ContentView.swift; sourceTree = "<group>"; };
		189028CB262E94B5001891F4 /* Assets.xcassets */ = {isa = PBXFileReference; lastKnownFileType = folder.assetcatalog; path = Assets.xcassets; sourceTree = "<group>"; };
		189028CE262E94B5001891F4 /* Preview Assets.xcassets */ = {isa = PBXFileReference; lastKnownFileType = folder.assetcatalog; path = "Preview Assets.xcassets"; sourceTree = "<group>"; };
		189028D0262E94B5001891F4 /* Info.plist */ = {isa = PBXFileReference; lastKnownFileType = text.plist.xml; path = Info.plist; sourceTree = "<group>"; };
		189028D7262E9578001891F4 /* drinks.json */ = {isa = PBXFileReference; fileEncoding = 4; lastKnownFileType = text.json; name = drinks.json; path = "../../../Downloads/Compressed/CoffeeDB-master/CoffeeDB/drinks.json"; sourceTree = "<group>"; };
		189028DA262E962C001891F4 /* Data.swift */ = {isa = PBXFileReference; lastKnownFileType = sourcecode.swift; path = Data.swift; sourceTree = "<group>"; };
		189028DD262E9659001891F4 /* Drink.swift */ = {isa = PBXFileReference; lastKnownFileType = sourcecode.swift; path = Drink.swift; sourceTree = "<group>"; };
		189028E0262E998B001891F4 /* DrinkItemView.swift */ = {isa = PBXFileReference; lastKnownFileType = sourcecode.swift; path = DrinkItemView.swift; sourceTree = "<group>"; };
		18A6B4FA263585E100362EE2 /* DrinkDetailView.swift */ = {isa = PBXFileReference; lastKnownFileType = sourcecode.swift; path = DrinkDetailView.swift; sourceTree = "<group>"; };
		18A6B4FE263632EF00362EE2 /* drinks.json */ = {isa = PBXFileReference; lastKnownFileType = text.json; path = drinks.json; sourceTree = "<group>"; };
		18DAA26E2630DFCD00968E04 /* DrinkRow.swift */ = {isa = PBXFileReference; lastKnownFileType = sourcecode.swift; path = DrinkRow.swift; sourceTree = "<group>"; };
/* End PBXFileReference section */

/* Begin PBXFrameworksBuildPhase section */
		189028C1262E94B4001891F4 /* Frameworks */ = {
			isa = PBXFrameworksBuildPhase;
			buildActionMask = 2147483647;
			files = (
			);
			runOnlyForDeploymentPostprocessing = 0;
		};
/* End PBXFrameworksBuildPhase section */

/* Begin PBXGroup section */
		189028BB262E94B4001891F4 = {
			isa = PBXGroup;
			children = (
				189028C6262E94B4001891F4 /* CoffeeDB */,
				189028C5262E94B4001891F4 /* Products */,
			);
			sourceTree = "<group>";
		};
		189028C5262E94B4001891F4 /* Products */ = {
			isa = PBXGroup;
			children = (
				189028C4262E94B4001891F4 /* CoffeeDB.app */,
			);
			name = Products;
			sourceTree = "<group>";
		};
		189028C6262E94B4001891F4 /* CoffeeDB */ = {
			isa = PBXGroup;
			children = (
				189028C9262E94B4001891F4 /* ContentView.swift */,
				189028C7262E94B4001891F4 /* CoffeeDBApp.swift */,
				18A6B4FF2636330900362EE2 /* Views */,
				189028CB262E94B5001891F4 /* Assets.xcassets */,
				189028D0262E94B5001891F4 /* Info.plist */,
				18A6B4FD263632EF00362EE2 /* Data */,
				189028D7262E9578001891F4 /* drinks.json */,
				189028CD262E94B5001891F4 /* Preview Content */,
				18A6B4FA263585E100362EE2 /* DrinkDetailView.swift */,
			);
			path = CoffeeDB;
			sourceTree = "<group>";
		};
		189028CD262E94B5001891F4 /* Preview Content */ = {
			isa = PBXGroup;
			children = (
				189028CE262E94B5001891F4 /* Preview Assets.xcassets */,
			);
			path = "Preview Content";
			sourceTree = "<group>";
		};
		18A6B4FD263632EF00362EE2 /* Data */ = {
			isa = PBXGroup;
			children = (
				18A6B4FE263632EF00362EE2 /* drinks.json */,
				189028DA262E962C001891F4 /* Data.swift */,
				189028DD262E9659001891F4 /* Drink.swift */,
			);
			path = Data;
			sourceTree = "<group>";
		};
		18A6B4FF2636330900362EE2 /* Views */ = {
			isa = PBXGroup;
			children = (
				18DAA26E2630DFCD00968E04 /* DrinkRow.swift */,
				189028E0262E998B001891F4 /* DrinkItemView.swift */,
			);
			path = Views;
			sourceTree = "<group>";
		};
/* End PBXGroup section */

/* Begin PBXNativeTarget section */
		189028C3262E94B4001891F4 /* CoffeeDB */ = {
			isa = PBXNativeTarget;
			buildConfigurationList = 189028D3262E94B5001891F4 /* Build configuration list for PBXNativeTarget "CoffeeDB" */;
			buildPhases = (
				189028C0262E94B4001891F4 /* Sources */,
				189028C1262E94B4001891F4 /* Frameworks */,
				189028C2262E94B4001891F4 /* Resources */,
			);
			buildRules = (
			);
			dependencies = (
			);
			name = CoffeeDB;
			productName = CoffeeDB;
			productReference = 189028C4262E94B4001891F4 /* CoffeeDB.app */;
			productType = "com.apple.product-type.application";
		};
/* End PBXNativeTarget section */

/* Begin PBXProject section */
		189028BC262E94B4001891F4 /* Project object */ = {
			isa = PBXProject;
			attributes = {
				LastSwiftUpdateCheck = 1240;
				LastUpgradeCheck = 1240;
				TargetAttributes = {
					189028C3262E94B4001891F4 = {
						CreatedOnToolsVersion = 12.4;
					};
				};
			};
			buildConfigurationList = 189028BF262E94B4001891F4 /* Build configuration list for PBXProject "CoffeeDB" */;
			compatibilityVersion = "Xcode 9.3";
			developmentRegion = en;
			hasScannedForEncodings = 0;
			knownRegions = (
				en,
				Base,
			);
			mainGroup = 189028BB262E94B4001891F4;
			productRefGroup = 189028C5262E94B4001891F4 /* Products */;
			projectDirPath = "";
			projectRoot = "";
			targets = (
				189028C3262E94B4001891F4 /* CoffeeDB */,
			);
		};
/* End PBXProject section */

/* Begin PBXResourcesBuildPhase section */
		189028C2262E94B4001891F4 /* Resources */ = {
			isa = PBXResourcesBuildPhase;
			buildActionMask = 2147483647;
			files = (
				189028CF262E94B5001891F4 /* Preview Assets.xcassets in Resources */,
				189028CC262E94B5001891F4 /* Assets.xcassets in Resources */,
				189028D8262E9578001891F4 /* drinks.json in Resources */,
			);
			runOnlyForDeploymentPostprocessing = 0;
		};
/* End PBXResourcesBuildPhase section */

/* Begin PBXSourcesBuildPhase section */
		189028C0262E94B4001891F4 /* Sources */ = {
			isa = PBXSourcesBuildPhase;
			buildActionMask = 2147483647;
			files = (
				189028CA262E94B4001891F4 /* ContentView.swift in Sources */,
				18DAA26F2630DFCD00968E04 /* DrinkRow.swift in Sources */,
				189028DB262E962C001891F4 /* Data.swift in Sources */,
				189028E1262E998B001891F4 /* DrinkItemView.swift in Sources */,
				18A6B4FB263585E100362EE2 /* DrinkDetailView.swift in Sources */,
				189028DE262E9659001891F4 /* Drink.swift in Sources */,
				189028C8262E94B4001891F4 /* CoffeeDBApp.swift in Sources */,
			);
			runOnlyForDeploymentPostprocessing = 0;
		};
/* End PBXSourcesBuildPhase section */

/* Begin XCBuildConfiguration section */
		189028D1262E94B5001891F4 /* Debug */ = {
			isa = XCBuildConfiguration;
			buildSettings = {
				ALWAYS_SEARCH_USER_PATHS = NO;
				CLANG_ANALYZER_NONNULL = YES;
				CLANG_ANALYZER_NUMBER_OBJECT_CONVERSION = YES_AGGRESSIVE;
				CLANG_CXX_LANGUAGE_STANDARD = "gnu++14";
				CLANG_CXX_LIBRARY = "libc++";
				CLANG_ENABLE_MODULES = YES;
				CLANG_ENABLE_OBJC_ARC = YES;
				CLANG_ENABLE_OBJC_WEAK = YES;
				CLANG_WARN_BLOCK_CAPTURE_AUTORELEASING = YES;
				CLANG_WARN_BOOL_CONVERSION = YES;
				CLANG_WARN_COMMA = YES;
				CLANG_WARN_CONSTANT_CONVERSION = YES;
				CLANG_WARN_DEPRECATED_OBJC_IMPLEMENTATIONS = YES;
				CLANG_WARN_DIRECT_OBJC_ISA_USAGE = YES_ERROR;
				CLANG_WARN_DOCUMENTATION_COMMENTS = YES;
				CLANG_WARN_EMPTY_BODY = YES;
				CLANG_WARN_ENUM_CONVERSION = YES;
				CLANG_WARN_INFINITE_RECURSION = YES;
				CLANG_WARN_INT_CONVERSION = YES;
				CLANG_WARN_NON_LITERAL_NULL_CONVERSION = YES;
				CLANG_WARN_OBJC_IMPLICIT_RETAIN_SELF = YES;
				CLANG_WARN_OBJC_LITERAL_CONVERSION = YES;
				CLANG_WARN_OBJC_ROOT_CLASS = YES_ERROR;
				CLANG_WARN_QUOTED_INCLUDE_IN_FRAMEWORK_HEADER = YES;
				CLANG_WARN_RANGE_LOOP_ANALYSIS = YES;
				CLANG_WARN_STRICT_PROTOTYPES = YES;
				CLANG_WARN_SUSPICIOUS_MOVE = YES;
				CLANG_WARN_UNGUARDED_AVAILABILITY = YES_AGGRESSIVE;
				CLANG_WARN_UNREACHABLE_CODE = YES;
				CLANG_WARN__DUPLICATE_METHOD_MATCH = YES;
				COPY_PHASE_STRIP = NO;
				DEBUG_INFORMATION_FORMAT = dwarf;
				ENABLE_STRICT_OBJC_MSGSEND = YES;
				ENABLE_TESTABILITY = YES;
				GCC_C_LANGUAGE_STANDARD = gnu11;
				GCC_DYNAMIC_NO_PIC = NO;
				GCC_NO_COMMON_BLOCKS = YES;
				GCC_OPTIMIZATION_LEVEL = 0;
				GCC_PREPROCESSOR_DEFINITIONS = (
					"DEBUG=1",
					"$(inherited)",
				);
				GCC_WARN_64_TO_32_BIT_CONVERSION = YES;
				GCC_WARN_ABOUT_RETURN_TYPE = YES_ERROR;
				GCC_WARN_UNDECLARED_SELECTOR = YES;
				GCC_WARN_UNINITIALIZED_AUTOS = YES_AGGRESSIVE;
				GCC_WARN_UNUSED_FUNCTION = YES;
				GCC_WARN_UNUSED_VARIABLE = YES;
				IPHONEOS_DEPLOYMENT_TARGET = 14.4;
				MTL_ENABLE_DEBUG_INFO = INCLUDE_SOURCE;
				MTL_FAST_MATH = YES;
				ONLY_ACTIVE_ARCH = YES;
				SDKROOT = iphoneos;
				SWIFT_ACTIVE_COMPILATION_CONDITIONS = DEBUG;
				SWIFT_OPTIMIZATION_LEVEL = "-Onone";
			};
			name = Debug;
		};
		189028D2262E94B5001891F4 /* Release */ = {
			isa = XCBuildConfiguration;
			buildSettings = {
				ALWAYS_SEARCH_USER_PATHS = NO;
				CLANG_ANALYZER_NONNULL = YES;
				CLANG_ANALYZER_NUMBER_OBJECT_CONVERSION = YES_AGGRESSIVE;
				CLANG_CXX_LANGUAGE_STANDARD = "gnu++14";
				CLANG_CXX_LIBRARY = "libc++";
				CLANG_ENABLE_MODULES = YES;
				CLANG_ENABLE_OBJC_ARC = YES;
				CLANG_ENABLE_OBJC_WEAK = YES;
				CLANG_WARN_BLOCK_CAPTURE_AUTORELEASING = YES;
				CLANG_WARN_BOOL_CONVERSION = YES;
				CLANG_WARN_COMMA = YES;
				CLANG_WARN_CONSTANT_CONVERSION = YES;
				CLANG_WARN_DEPRECATED_OBJC_IMPLEMENTATIONS = YES;
				CLANG_WARN_DIRECT_OBJC_ISA_USAGE = YES_ERROR;
				CLANG_WARN_DOCUMENTATION_COMMENTS = YES;
				CLANG_WARN_EMPTY_BODY = YES;
				CLANG_WARN_ENUM_CONVERSION = YES;
				CLANG_WARN_INFINITE_RECURSION = YES;
				CLANG_WARN_INT_CONVERSION = YES;
				CLANG_WARN_NON_LITERAL_NULL_CONVERSION = YES;
				CLANG_WARN_OBJC_IMPLICIT_RETAIN_SELF = YES;
				CLANG_WARN_OBJC_LITERAL_CONVERSION = YES;
				CLANG_WARN_OBJC_ROOT_CLASS = YES_ERROR;
				CLANG_WARN_QUOTED_INCLUDE_IN_FRAMEWORK_HEADER = YES;
				CLANG_WARN_RANGE_LOOP_ANALYSIS = YES;
				CLANG_WARN_STRICT_PROTOTYPES = YES;
				CLANG_WARN_SUSPICIOUS_MOVE = YES;
				CLANG_WARN_UNGUARDED_AVAILABILITY = YES_AGGRESSIVE;
				CLANG_WARN_UNREACHABLE_CODE = YES;
				CLANG_WARN__DUPLICATE_METHOD_MATCH = YES;
				COPY_PHASE_STRIP = NO;
				DEBUG_INFORMATION_FORMAT = "dwarf-with-dsym";
				ENABLE_NS_ASSERTIONS = NO;
				ENABLE_STRICT_OBJC_MSGSEND = YES;
				GCC_C_LANGUAGE_STANDARD = gnu11;
				GCC_NO_COMMON_BLOCKS = YES;
				GCC_WARN_64_TO_32_BIT_CONVERSION = YES;
				GCC_WARN_ABOUT_RETURN_TYPE = YES_ERROR;
				GCC_WARN_UNDECLARED_SELECTOR = YES;
				GCC_WARN_UNINITIALIZED_AUTOS = YES_AGGRESSIVE;
				GCC_WARN_UNUSED_FUNCTION = YES;
				GCC_WARN_UNUSED_VARIABLE = YES;
				IPHONEOS_DEPLOYMENT_TARGET = 14.4;
				MTL_ENABLE_DEBUG_INFO = NO;
				MTL_FAST_MATH = YES;
				SDKROOT = iphoneos;
				SWIFT_COMPILATION_MODE = wholemodule;
				SWIFT_OPTIMIZATION_LEVEL = "-O";
				VALIDATE_PRODUCT = YES;
			};
			name = Release;
		};
		189028D4262E94B5001891F4 /* Debug */ = {
			isa = XCBuildConfiguration;
			buildSettings = {
				ASSETCATALOG_COMPILER_APPICON_NAME = AppIcon;
				ASSETCATALOG_COMPILER_GLOBAL_ACCENT_COLOR_NAME = AccentColor;
				CODE_SIGN_STYLE = Automatic;
				DEVELOPMENT_ASSET_PATHS = "\"CoffeeDB/Preview Content\"";
				DEVELOPMENT_TEAM = 9RT296PY6K;
				ENABLE_PREVIEWS = YES;
				INFOPLIST_FILE = CoffeeDB/Info.plist;
				IPHONEOS_DEPLOYMENT_TARGET = 14.0;
				LD_RUNPATH_SEARCH_PATHS = (
					"$(inherited)",
					"@executable_path/Frameworks",
				);
				PRODUCT_BUNDLE_IDENTIFIER = com.engineerskasa.CoffeeDB;
				PRODUCT_NAME = "$(TARGET_NAME)";
				SWIFT_VERSION = 5.0;
				TARGETED_DEVICE_FAMILY = "1,2";
			};
			name = Debug;
		};
		189028D5262E94B5001891F4 /* Release */ = {
			isa = XCBuildConfiguration;
			buildSettings = {
				ASSETCATALOG_COMPILER_APPICON_NAME = AppIcon;
				ASSETCATALOG_COMPILER_GLOBAL_ACCENT_COLOR_NAME = AccentColor;
				CODE_SIGN_STYLE = Automatic;
				DEVELOPMENT_ASSET_PATHS = "\"CoffeeDB/Preview Content\"";
				DEVELOPMENT_TEAM = 9RT296PY6K;
				ENABLE_PREVIEWS = YES;
				INFOPLIST_FILE = CoffeeDB/Info.plist;
				IPHONEOS_DEPLOYMENT_TARGET = 14.0;
				LD_RUNPATH_SEARCH_PATHS = (
					"$(inherited)",
					"@executable_path/Frameworks",
				);
				PRODUCT_BUNDLE_IDENTIFIER = com.engineerskasa.CoffeeDB;
				PRODUCT_NAME = "$(TARGET_NAME)";
				SWIFT_VERSION = 5.0;
				TARGETED_DEVICE_FAMILY = "1,2";
			};
			name = Release;
		};
/* End XCBuildConfiguration section */

/* Begin XCConfigurationList section */
		189028BF262E94B4001891F4 /* Build configuration list for PBXProject "CoffeeDB" */ = {
			isa = XCConfigurationList;
			buildConfigurations = (
				189028D1262E94B5001891F4 /* Debug */,
				189028D2262E94B5001891F4 /* Release */,
			);
			defaultConfigurationIsVisible = 0;
			defaultConfigurationName = Release;
		};
		189028D3262E94B5001891F4 /* Build configuration list for PBXNativeTarget "CoffeeDB" */ = {
			isa = XCConfigurationList;
			buildConfigurations = (
				189028D4262E94B5001891F4 /* Debug */,
				189028D5262E94B5001891F4 /* Release */,
			);
			defaultConfigurationIsVisible = 0;
			defaultConfigurationName = Release;
		};
/* End XCConfigurationList section */
	};
	rootObject = 189028BC262E94B4001891F4 /* Project object */;
}
